// !$*UTF8*$!
{
	archiveVersion = 1;
	classes = {
	};
	objectVersion = 77;
	objects = {

/* Begin PBXContainerItemProxy section */
		AC0D72BD2CAB979000AF4D17 /* PBXContainerItemProxy */ = {
			isa = PBXContainerItemProxy;
			containerPortal = AC0D72A42CAB978E00AF4D17 /* Project object */;
			proxyType = 1;
			remoteGlobalIDString = AC0D72AB2CAB978E00AF4D17;
			remoteInfo = "Thread Clone";
		};
		AC0D72C72CAB979000AF4D17 /* PBXContainerItemProxy */ = {
			isa = PBXContainerItemProxy;
			containerPortal = AC0D72A42CAB978E00AF4D17 /* Project object */;
			proxyType = 1;
			remoteGlobalIDString = AC0D72AB2CAB978E00AF4D17;
			remoteInfo = "Thread Clone";
		};
/* End PBXContainerItemProxy section */

/* Begin PBXFileReference section */
		AC0D72AC2CAB978E00AF4D17 /* Thread Clone.app */ = {isa = PBXFileReference; explicitFileType = wrapper.application; includeInIndex = 0; path = "Thread Clone.app"; sourceTree = BUILT_PRODUCTS_DIR; };
		AC0D72BC2CAB979000AF4D17 /* Thread CloneTests.xctest */ = {isa = PBXFileReference; explicitFileType = wrapper.cfbundle; includeInIndex = 0; path = "Thread CloneTests.xctest"; sourceTree = BUILT_PRODUCTS_DIR; };
		AC0D72C62CAB979000AF4D17 /* Thread CloneUITests.xctest */ = {isa = PBXFileReference; explicitFileType = wrapper.cfbundle; includeInIndex = 0; path = "Thread CloneUITests.xctest"; sourceTree = BUILT_PRODUCTS_DIR; };
/* End PBXFileReference section */

/* Begin PBXFileSystemSynchronizedBuildFileExceptionSet section */
		AC0D730A2CAB985300AF4D17 /* Exceptions for "Thread Clone" folder in "Thread Clone" target */ = {
			isa = PBXFileSystemSynchronizedBuildFileExceptionSet;
			membershipExceptions = (
				App/Thread_CloneApp.swift,
				Assets.xcassets,
				Core/Activity/View/ActivityView.swift,
				Core/Authentication/Views/LoginView.swift,
				Core/Authentication/Views/RegistrationView.swift,
				Core/Components/CircularProfileView.swift,
				Core/Components/UserCell.swift,
				Core/Explore/View/ExploreView.swift,
				Core/Feed/View/FeedView.swift,
				Core/Feed/View/ThreadCell.swift,
				Core/Profile/Model/ProfileThreadFilter.swift,
				Core/Profile/View/ProfileView.swift,
				Core/Root/ContentView.swift,
				Core/TabBar/ThreadsTabView.swift,
				Core/ThreadCreation/View/CreateThreadView.swift,
				"Preview Content/Preview Assets.xcassets",
				Utils/ViewModifers/ThreadsLogInButtonModifier.swift,
				Utils/ViewModifers/ThreadsTextFieldModifier.swift,
			);
			target = AC0D72AB2CAB978E00AF4D17 /* Thread Clone */;
		};
		AC0D730B2CAB985300AF4D17 /* Exceptions for "Thread Clone" folder in "Thread CloneUITests" target */ = {
			isa = PBXFileSystemSynchronizedBuildFileExceptionSet;
			membershipExceptions = (
				App/Thread_CloneApp.swift,
				Assets.xcassets,
				Core/Root/ContentView.swift,
				"Preview Content/Preview Assets.xcassets",
			);
			target = AC0D72C52CAB979000AF4D17 /* Thread CloneUITests */;
		};
/* End PBXFileSystemSynchronizedBuildFileExceptionSet section */

/* Begin PBXFileSystemSynchronizedRootGroup section */
		AC0D73052CAB985300AF4D17 /* Thread Clone */ = {
			isa = PBXFileSystemSynchronizedRootGroup;
			exceptions = (
				AC0D730A2CAB985300AF4D17 /* Exceptions for "Thread Clone" folder in "Thread Clone" target */,
				AC0D730B2CAB985300AF4D17 /* Exceptions for "Thread Clone" folder in "Thread CloneUITests" target */,
			);
			path = "Thread Clone";
			sourceTree = "<group>";
		};
/* End PBXFileSystemSynchronizedRootGroup section */

/* Begin PBXFrameworksBuildPhase section */
		AC0D72A92CAB978E00AF4D17 /* Frameworks */ = {
			isa = PBXFrameworksBuildPhase;
			buildActionMask = 2147483647;
			files = (
			);
			runOnlyForDeploymentPostprocessing = 0;
		};
		AC0D72B92CAB979000AF4D17 /* Frameworks */ = {
			isa = PBXFrameworksBuildPhase;
			buildActionMask = 2147483647;
			files = (
			);
			runOnlyForDeploymentPostprocessing = 0;
		};
		AC0D72C32CAB979000AF4D17 /* Frameworks */ = {
			isa = PBXFrameworksBuildPhase;
			buildActionMask = 2147483647;
			files = (
			);
			runOnlyForDeploymentPostprocessing = 0;
		};
/* End PBXFrameworksBuildPhase section */

/* Begin PBXGroup section */
		AC0D72A32CAB978E00AF4D17 = {
			isa = PBXGroup;
			children = (
				AC0D73052CAB985300AF4D17 /* Thread Clone */,
				AC0D72AD2CAB978E00AF4D17 /* Products */,
			);
			sourceTree = "<group>";
		};
		AC0D72AD2CAB978E00AF4D17 /* Products */ = {
			isa = PBXGroup;
			children = (
				AC0D72AC2CAB978E00AF4D17 /* Thread Clone.app */,
				AC0D72BC2CAB979000AF4D17 /* Thread CloneTests.xctest */,
				AC0D72C62CAB979000AF4D17 /* Thread CloneUITests.xctest */,
			);
			name = Products;
			sourceTree = "<group>";
		};
/* End PBXGroup section */

/* Begin PBXNativeTarget section */
		AC0D72AB2CAB978E00AF4D17 /* Thread Clone */ = {
			isa = PBXNativeTarget;
			buildConfigurationList = AC0D72D02CAB979000AF4D17 /* Build configuration list for PBXNativeTarget "Thread Clone" */;
			buildPhases = (
				AC0D72A82CAB978E00AF4D17 /* Sources */,
				AC0D72A92CAB978E00AF4D17 /* Frameworks */,
				AC0D72AA2CAB978E00AF4D17 /* Resources */,
			);
			buildRules = (
			);
			dependencies = (
			);
			name = "Thread Clone";
			packageProductDependencies = (
			);
			productName = "Thread Clone";
			productReference = AC0D72AC2CAB978E00AF4D17 /* Thread Clone.app */;
			productType = "com.apple.product-type.application";
		};
		AC0D72BB2CAB979000AF4D17 /* Thread CloneTests */ = {
			isa = PBXNativeTarget;
			buildConfigurationList = AC0D72D32CAB979000AF4D17 /* Build configuration list for PBXNativeTarget "Thread CloneTests" */;
			buildPhases = (
				AC0D72B82CAB979000AF4D17 /* Sources */,
				AC0D72B92CAB979000AF4D17 /* Frameworks */,
				AC0D72BA2CAB979000AF4D17 /* Resources */,
			);
			buildRules = (
			);
			dependencies = (
				AC0D72BE2CAB979000AF4D17 /* PBXTargetDependency */,
			);
			name = "Thread CloneTests";
			packageProductDependencies = (
			);
			productName = "Thread CloneTests";
			productReference = AC0D72BC2CAB979000AF4D17 /* Thread CloneTests.xctest */;
			productType = "com.apple.product-type.bundle.unit-test";
		};
		AC0D72C52CAB979000AF4D17 /* Thread CloneUITests */ = {
			isa = PBXNativeTarget;
			buildConfigurationList = AC0D72D62CAB979000AF4D17 /* Build configuration list for PBXNativeTarget "Thread CloneUITests" */;
			buildPhases = (
				AC0D72C22CAB979000AF4D17 /* Sources */,
				AC0D72C32CAB979000AF4D17 /* Frameworks */,
				AC0D72C42CAB979000AF4D17 /* Resources */,
			);
			buildRules = (
			);
			dependencies = (
				AC0D72C82CAB979000AF4D17 /* PBXTargetDependency */,
			);
			fileSystemSynchronizedGroups = (
				AC0D73052CAB985300AF4D17 /* Thread Clone */,
			);
			name = "Thread CloneUITests";
			packageProductDependencies = (
			);
			productName = "Thread CloneUITests";
			productReference = AC0D72C62CAB979000AF4D17 /* Thread CloneUITests.xctest */;
			productType = "com.apple.product-type.bundle.ui-testing";
		};
/* End PBXNativeTarget section */

/* Begin PBXProject section */
		AC0D72A42CAB978E00AF4D17 /* Project object */ = {
			isa = PBXProject;
			attributes = {
				BuildIndependentTargetsInParallel = 1;
				LastSwiftUpdateCheck = 1600;
				LastUpgradeCheck = 1600;
				TargetAttributes = {
					AC0D72AB2CAB978E00AF4D17 = {
						CreatedOnToolsVersion = 16.0;
					};
					AC0D72BB2CAB979000AF4D17 = {
						CreatedOnToolsVersion = 16.0;
						TestTargetID = AC0D72AB2CAB978E00AF4D17;
					};
					AC0D72C52CAB979000AF4D17 = {
						CreatedOnToolsVersion = 16.0;
						TestTargetID = AC0D72AB2CAB978E00AF4D17;
					};
				};
			};
			buildConfigurationList = AC0D72A72CAB978E00AF4D17 /* Build configuration list for PBXProject "Thread Clone" */;
			developmentRegion = en;
			hasScannedForEncodings = 0;
			knownRegions = (
				en,
				Base,
			);
			mainGroup = AC0D72A32CAB978E00AF4D17;
			minimizedProjectReferenceProxies = 1;
			preferredProjectObjectVersion = 77;
			productRefGroup = AC0D72AD2CAB978E00AF4D17 /* Products */;
			projectDirPath = "";
			projectRoot = "";
			targets = (
				AC0D72AB2CAB978E00AF4D17 /* Thread Clone */,
				AC0D72BB2CAB979000AF4D17 /* Thread CloneTests */,
				AC0D72C52CAB979000AF4D17 /* Thread CloneUITests */,
			);
		};
/* End PBXProject section */

/* Begin PBXResourcesBuildPhase section */
		AC0D72AA2CAB978E00AF4D17 /* Resources */ = {
			isa = PBXResourcesBuildPhase;
			buildActionMask = 2147483647;
			files = (
			);
			runOnlyForDeploymentPostprocessing = 0;
		};
		AC0D72BA2CAB979000AF4D17 /* Resources */ = {
			isa = PBXResourcesBuildPhase;
			buildActionMask = 2147483647;
			files = (
			);
			runOnlyForDeploymentPostprocessing = 0;
		};
		AC0D72C42CAB979000AF4D17 /* Resources */ = {
			isa = PBXResourcesBuildPhase;
			buildActionMask = 2147483647;
			files = (
			);
			runOnlyForDeploymentPostprocessing = 0;
		};
/* End PBXResourcesBuildPhase section */

/* Begin PBXSourcesBuildPhase section */
		AC0D72A82CAB978E00AF4D17 /* Sources */ = {
			isa = PBXSourcesBuildPhase;
			buildActionMask = 2147483647;
			files = (
			);
			runOnlyForDeploymentPostprocessing = 0;
		};
		AC0D72B82CAB979000AF4D17 /* Sources */ = {
			isa = PBXSourcesBuildPhase;
			buildActionMask = 2147483647;
			files = (
			);
			runOnlyForDeploymentPostprocessing = 0;
		};
		AC0D72C22CAB979000AF4D17 /* Sources */ = {
			isa = PBXSourcesBuildPhase;
			buildActionMask = 2147483647;
			files = (
			);
			runOnlyForDeploymentPostprocessing = 0;
		};
/* End PBXSourcesBuildPhase section */

/* Begin PBXTargetDependency section */
		AC0D72BE2CAB979000AF4D17 /* PBXTargetDependency */ = {
			isa = PBXTargetDependency;
			target = AC0D72AB2CAB978E00AF4D17 /* Thread Clone */;
			targetProxy = AC0D72BD2CAB979000AF4D17 /* PBXContainerItemProxy */;
		};
		AC0D72C82CAB979000AF4D17 /* PBXTargetDependency */ = {
			isa = PBXTargetDependency;
			target = AC0D72AB2CAB978E00AF4D17 /* Thread Clone */;
			targetProxy = AC0D72C72CAB979000AF4D17 /* PBXContainerItemProxy */;
		};
/* End PBXTargetDependency section */

/* Begin XCBuildConfiguration section */
		AC0D72CE2CAB979000AF4D17 /* Debug */ = {
			isa = XCBuildConfiguration;
			buildSettings = {
				ALWAYS_SEARCH_USER_PATHS = NO;
				ASSETCATALOG_COMPILER_GENERATE_SWIFT_ASSET_SYMBOL_EXTENSIONS = YES;
				CLANG_ANALYZER_NONNULL = YES;
				CLANG_ANALYZER_NUMBER_OBJECT_CONVERSION = YES_AGGRESSIVE;
				CLANG_CXX_LANGUAGE_STANDARD = "gnu++20";
				CLANG_ENABLE_MODULES = YES;
				CLANG_ENABLE_OBJC_ARC = YES;
				CLANG_ENABLE_OBJC_WEAK = YES;
				CLANG_WARN_BLOCK_CAPTURE_AUTORELEASING = YES;
				CLANG_WARN_BOOL_CONVERSION = YES;
				CLANG_WARN_COMMA = YES;
				CLANG_WARN_CONSTANT_CONVERSION = YES;
				CLANG_WARN_DEPRECATED_OBJC_IMPLEMENTATIONS = YES;
				CLANG_WARN_DIRECT_OBJC_ISA_USAGE = YES_ERROR;
				CLANG_WARN_DOCUMENTATION_COMMENTS = YES;
				CLANG_WARN_EMPTY_BODY = YES;
				CLANG_WARN_ENUM_CONVERSION = YES;
				CLANG_WARN_INFINITE_RECURSION = YES;
				CLANG_WARN_INT_CONVERSION = YES;
				CLANG_WARN_NON_LITERAL_NULL_CONVERSION = YES;
				CLANG_WARN_OBJC_IMPLICIT_RETAIN_SELF = YES;
				CLANG_WARN_OBJC_LITERAL_CONVERSION = YES;
				CLANG_WARN_OBJC_ROOT_CLASS = YES_ERROR;
				CLANG_WARN_QUOTED_INCLUDE_IN_FRAMEWORK_HEADER = YES;
				CLANG_WARN_RANGE_LOOP_ANALYSIS = YES;
				CLANG_WARN_STRICT_PROTOTYPES = YES;
				CLANG_WARN_SUSPICIOUS_MOVE = YES;
				CLANG_WARN_UNGUARDED_AVAILABILITY = YES_AGGRESSIVE;
				CLANG_WARN_UNREACHABLE_CODE = YES;
				CLANG_WARN__DUPLICATE_METHOD_MATCH = YES;
				COPY_PHASE_STRIP = NO;
				DEBUG_INFORMATION_FORMAT = dwarf;
				ENABLE_STRICT_OBJC_MSGSEND = YES;
				ENABLE_TESTABILITY = YES;
				ENABLE_USER_SCRIPT_SANDBOXING = YES;
				GCC_C_LANGUAGE_STANDARD = gnu17;
				GCC_DYNAMIC_NO_PIC = NO;
				GCC_NO_COMMON_BLOCKS = YES;
				GCC_OPTIMIZATION_LEVEL = 0;
				GCC_PREPROCESSOR_DEFINITIONS = (
					"DEBUG=1",
					"$(inherited)",
				);
				GCC_WARN_64_TO_32_BIT_CONVERSION = YES;
				GCC_WARN_ABOUT_RETURN_TYPE = YES_ERROR;
				GCC_WARN_UNDECLARED_SELECTOR = YES;
				GCC_WARN_UNINITIALIZED_AUTOS = YES_AGGRESSIVE;
				GCC_WARN_UNUSED_FUNCTION = YES;
				GCC_WARN_UNUSED_VARIABLE = YES;
				IPHONEOS_DEPLOYMENT_TARGET = 18.0;
				LOCALIZATION_PREFERS_STRING_CATALOGS = YES;
				MTL_ENABLE_DEBUG_INFO = INCLUDE_SOURCE;
				MTL_FAST_MATH = YES;
				ONLY_ACTIVE_ARCH = YES;
				SDKROOT = iphoneos;
				SWIFT_ACTIVE_COMPILATION_CONDITIONS = "DEBUG $(inherited)";
				SWIFT_OPTIMIZATION_LEVEL = "-Onone";
			};
			name = Debug;
		};
		AC0D72CF2CAB979000AF4D17 /* Release */ = {
			isa = XCBuildConfiguration;
			buildSettings = {
				ALWAYS_SEARCH_USER_PATHS = NO;
				ASSETCATALOG_COMPILER_GENERATE_SWIFT_ASSET_SYMBOL_EXTENSIONS = YES;
				CLANG_ANALYZER_NONNULL = YES;
				CLANG_ANALYZER_NUMBER_OBJECT_CONVERSION = YES_AGGRESSIVE;
				CLANG_CXX_LANGUAGE_STANDARD = "gnu++20";
				CLANG_ENABLE_MODULES = YES;
				CLANG_ENABLE_OBJC_ARC = YES;
				CLANG_ENABLE_OBJC_WEAK = YES;
				CLANG_WARN_BLOCK_CAPTURE_AUTORELEASING = YES;
				CLANG_WARN_BOOL_CONVERSION = YES;
				CLANG_WARN_COMMA = YES;
				CLANG_WARN_CONSTANT_CONVERSION = YES;
				CLANG_WARN_DEPRECATED_OBJC_IMPLEMENTATIONS = YES;
				CLANG_WARN_DIRECT_OBJC_ISA_USAGE = YES_ERROR;
				CLANG_WARN_DOCUMENTATION_COMMENTS = YES;
				CLANG_WARN_EMPTY_BODY = YES;
				CLANG_WARN_ENUM_CONVERSION = YES;
				CLANG_WARN_INFINITE_RECURSION = YES;
				CLANG_WARN_INT_CONVERSION = YES;
				CLANG_WARN_NON_LITERAL_NULL_CONVERSION = YES;
				CLANG_WARN_OBJC_IMPLICIT_RETAIN_SELF = YES;
				CLANG_WARN_OBJC_LITERAL_CONVERSION = YES;
				CLANG_WARN_OBJC_ROOT_CLASS = YES_ERROR;
				CLANG_WARN_QUOTED_INCLUDE_IN_FRAMEWORK_HEADER = YES;
				CLANG_WARN_RANGE_LOOP_ANALYSIS = YES;
				CLANG_WARN_STRICT_PROTOTYPES = YES;
				CLANG_WARN_SUSPICIOUS_MOVE = YES;
				CLANG_WARN_UNGUARDED_AVAILABILITY = YES_AGGRESSIVE;
				CLANG_WARN_UNREACHABLE_CODE = YES;
				CLANG_WARN__DUPLICATE_METHOD_MATCH = YES;
				COPY_PHASE_STRIP = NO;
				DEBUG_INFORMATION_FORMAT = "dwarf-with-dsym";
				ENABLE_NS_ASSERTIONS = NO;
				ENABLE_STRICT_OBJC_MSGSEND = YES;
				ENABLE_USER_SCRIPT_SANDBOXING = YES;
				GCC_C_LANGUAGE_STANDARD = gnu17;
				GCC_NO_COMMON_BLOCKS = YES;
				GCC_WARN_64_TO_32_BIT_CONVERSION = YES;
				GCC_WARN_ABOUT_RETURN_TYPE = YES_ERROR;
				GCC_WARN_UNDECLARED_SELECTOR = YES;
				GCC_WARN_UNINITIALIZED_AUTOS = YES_AGGRESSIVE;
				GCC_WARN_UNUSED_FUNCTION = YES;
				GCC_WARN_UNUSED_VARIABLE = YES;
				IPHONEOS_DEPLOYMENT_TARGET = 18.0;
				LOCALIZATION_PREFERS_STRING_CATALOGS = YES;
				MTL_ENABLE_DEBUG_INFO = NO;
				MTL_FAST_MATH = YES;
				SDKROOT = iphoneos;
				SWIFT_COMPILATION_MODE = wholemodule;
				VALIDATE_PRODUCT = YES;
			};
			name = Release;
		};
		AC0D72D12CAB979000AF4D17 /* Debug */ = {
			isa = XCBuildConfiguration;
			buildSettings = {
				ASSETCATALOG_COMPILER_APPICON_NAME = AppIcon;
				ASSETCATALOG_COMPILER_GLOBAL_ACCENT_COLOR_NAME = AccentColor;
				CODE_SIGN_STYLE = Automatic;
				CURRENT_PROJECT_VERSION = 1;
				DEVELOPMENT_ASSET_PATHS = "\"Thread Clone/Preview Content\"";
				DEVELOPMENT_TEAM = U7UX4M4VBV;
				ENABLE_PREVIEWS = YES;
				GENERATE_INFOPLIST_FILE = YES;
				INFOPLIST_KEY_UIApplicationSceneManifest_Generation = YES;
				INFOPLIST_KEY_UIApplicationSupportsIndirectInputEvents = YES;
				INFOPLIST_KEY_UILaunchScreen_Generation = YES;
				INFOPLIST_KEY_UISupportedInterfaceOrientations_iPad = "UIInterfaceOrientationPortrait UIInterfaceOrientationPortraitUpsideDown UIInterfaceOrientationLandscapeLeft UIInterfaceOrientationLandscapeRight";
				INFOPLIST_KEY_UISupportedInterfaceOrientations_iPhone = "UIInterfaceOrientationPortrait UIInterfaceOrientationLandscapeLeft UIInterfaceOrientationLandscapeRight";
				LD_RUNPATH_SEARCH_PATHS = (
					"$(inherited)",
					"@executable_path/Frameworks",
				);
				MARKETING_VERSION = 1.0;
				PRODUCT_BUNDLE_IDENTIFIER = "howard.Thread-Clone";
				PRODUCT_NAME = "$(TARGET_NAME)";
				SWIFT_EMIT_LOC_STRINGS = YES;
				SWIFT_VERSION = 5.0;
				TARGETED_DEVICE_FAMILY = "1,2";
			};
			name = Debug;
		};
		AC0D72D22CAB979000AF4D17 /* Release */ = {
			isa = XCBuildConfiguration;
			buildSettings = {
				ASSETCATALOG_COMPILER_APPICON_NAME = AppIcon;
				ASSETCATALOG_COMPILER_GLOBAL_ACCENT_COLOR_NAME = AccentColor;
				CODE_SIGN_STYLE = Automatic;
				CURRENT_PROJECT_VERSION = 1;
				DEVELOPMENT_ASSET_PATHS = "\"Thread Clone/Preview Content\"";
				DEVELOPMENT_TEAM = U7UX4M4VBV;
				ENABLE_PREVIEWS = YES;
				GENERATE_INFOPLIST_FILE = YES;
				INFOPLIST_KEY_UIApplicationSceneManifest_Generation = YES;
				INFOPLIST_KEY_UIApplicationSupportsIndirectInputEvents = YES;
				INFOPLIST_KEY_UILaunchScreen_Generation = YES;
				INFOPLIST_KEY_UISupportedInterfaceOrientations_iPad = "UIInterfaceOrientationPortrait UIInterfaceOrientationPortraitUpsideDown UIInterfaceOrientationLandscapeLeft UIInterfaceOrientationLandscapeRight";
				INFOPLIST_KEY_UISupportedInterfaceOrientations_iPhone = "UIInterfaceOrientationPortrait UIInterfaceOrientationLandscapeLeft UIInterfaceOrientationLandscapeRight";
				LD_RUNPATH_SEARCH_PATHS = (
					"$(inherited)",
					"@executable_path/Frameworks",
				);
				MARKETING_VERSION = 1.0;
				PRODUCT_BUNDLE_IDENTIFIER = "howard.Thread-Clone";
				PRODUCT_NAME = "$(TARGET_NAME)";
				SWIFT_EMIT_LOC_STRINGS = YES;
				SWIFT_VERSION = 5.0;
				TARGETED_DEVICE_FAMILY = "1,2";
			};
			name = Release;
		};
		AC0D72D42CAB979000AF4D17 /* Debug */ = {
			isa = XCBuildConfiguration;
			buildSettings = {
				BUNDLE_LOADER = "$(TEST_HOST)";
				CODE_SIGN_STYLE = Automatic;
				CURRENT_PROJECT_VERSION = 1;
				DEVELOPMENT_TEAM = U7UX4M4VBV;
				GENERATE_INFOPLIST_FILE = YES;
				IPHONEOS_DEPLOYMENT_TARGET = 18.0;
				MARKETING_VERSION = 1.0;
				PRODUCT_BUNDLE_IDENTIFIER = "howard.Thread-CloneTests";
				PRODUCT_NAME = "$(TARGET_NAME)";
				SWIFT_EMIT_LOC_STRINGS = NO;
				SWIFT_VERSION = 5.0;
				TARGETED_DEVICE_FAMILY = "1,2";
				TEST_HOST = "$(BUILT_PRODUCTS_DIR)/Thread Clone.app/$(BUNDLE_EXECUTABLE_FOLDER_PATH)/Thread Clone";
			};
			name = Debug;
		};
		AC0D72D52CAB979000AF4D17 /* Release */ = {
			isa = XCBuildConfiguration;
			buildSettings = {
				BUNDLE_LOADER = "$(TEST_HOST)";
				CODE_SIGN_STYLE = Automatic;
				CURRENT_PROJECT_VERSION = 1;
				DEVELOPMENT_TEAM = U7UX4M4VBV;
				GENERATE_INFOPLIST_FILE = YES;
				IPHONEOS_DEPLOYMENT_TARGET = 18.0;
				MARKETING_VERSION = 1.0;
				PRODUCT_BUNDLE_IDENTIFIER = "howard.Thread-CloneTests";
				PRODUCT_NAME = "$(TARGET_NAME)";
				SWIFT_EMIT_LOC_STRINGS = NO;
				SWIFT_VERSION = 5.0;
				TARGETED_DEVICE_FAMILY = "1,2";
				TEST_HOST = "$(BUILT_PRODUCTS_DIR)/Thread Clone.app/$(BUNDLE_EXECUTABLE_FOLDER_PATH)/Thread Clone";
			};
			name = Release;
		};
		AC0D72D72CAB979000AF4D17 /* Debug */ = {
			isa = XCBuildConfiguration;
			buildSettings = {
				CODE_SIGN_STYLE = Automatic;
				CURRENT_PROJECT_VERSION = 1;
				DEVELOPMENT_TEAM = U7UX4M4VBV;
				GENERATE_INFOPLIST_FILE = YES;
				MARKETING_VERSION = 1.0;
				PRODUCT_BUNDLE_IDENTIFIER = "howard.Thread-CloneUITests";
				PRODUCT_NAME = "$(TARGET_NAME)";
				SWIFT_EMIT_LOC_STRINGS = NO;
				SWIFT_VERSION = 5.0;
				TARGETED_DEVICE_FAMILY = "1,2";
				TEST_TARGET_NAME = "Thread Clone";
			};
			name = Debug;
		};
		AC0D72D82CAB979000AF4D17 /* Release */ = {
			isa = XCBuildConfiguration;
			buildSettings = {
				CODE_SIGN_STYLE = Automatic;
				CURRENT_PROJECT_VERSION = 1;
				DEVELOPMENT_TEAM = U7UX4M4VBV;
				GENERATE_INFOPLIST_FILE = YES;
				MARKETING_VERSION = 1.0;
				PRODUCT_BUNDLE_IDENTIFIER = "howard.Thread-CloneUITests";
				PRODUCT_NAME = "$(TARGET_NAME)";
				SWIFT_EMIT_LOC_STRINGS = NO;
				SWIFT_VERSION = 5.0;
				TARGETED_DEVICE_FAMILY = "1,2";
				TEST_TARGET_NAME = "Thread Clone";
			};
			name = Release;
		};
/* End XCBuildConfiguration section */

/* Begin XCConfigurationList section */
		AC0D72A72CAB978E00AF4D17 /* Build configuration list for PBXProject "Thread Clone" */ = {
			isa = XCConfigurationList;
			buildConfigurations = (
				AC0D72CE2CAB979000AF4D17 /* Debug */,
				AC0D72CF2CAB979000AF4D17 /* Release */,
			);
			defaultConfigurationIsVisible = 0;
			defaultConfigurationName = Release;
		};
		AC0D72D02CAB979000AF4D17 /* Build configuration list for PBXNativeTarget "Thread Clone" */ = {
			isa = XCConfigurationList;
			buildConfigurations = (
				AC0D72D12CAB979000AF4D17 /* Debug */,
				AC0D72D22CAB979000AF4D17 /* Release */,
			);
			defaultConfigurationIsVisible = 0;
			defaultConfigurationName = Release;
		};
		AC0D72D32CAB979000AF4D17 /* Build configuration list for PBXNativeTarget "Thread CloneTests" */ = {
			isa = XCConfigurationList;
			buildConfigurations = (
				AC0D72D42CAB979000AF4D17 /* Debug */,
				AC0D72D52CAB979000AF4D17 /* Release */,
			);
			defaultConfigurationIsVisible = 0;
			defaultConfigurationName = Release;
		};
		AC0D72D62CAB979000AF4D17 /* Build configuration list for PBXNativeTarget "Thread CloneUITests" */ = {
			isa = XCConfigurationList;
			buildConfigurations = (
				AC0D72D72CAB979000AF4D17 /* Debug */,
				AC0D72D82CAB979000AF4D17 /* Release */,
			);
			defaultConfigurationIsVisible = 0;
			defaultConfigurationName = Release;
		};
/* End XCConfigurationList section */
	};
	rootObject = AC0D72A42CAB978E00AF4D17 /* Project object */;
}
